{
  "name": "Rocket.Chat",
  "version": "4.7.0-develop",
  "lockfileVersion": 1,
  "requires": true,
  "dependencies": {
    "ajv": {
      "version": "8.11.0",
      "resolved": "https://registry.npmjs.org/ajv/-/ajv-8.11.0.tgz",
      "integrity": "sha512-wGgprdCvMalC0BztXvitD2hC04YffAvtsUn93JbGXYLAtCUO4xd17mCCZQxUOItiBwZvJScWo8NIvQMQ71rdpg==",
      "requires": {
        "fast-deep-equal": "^3.1.1",
        "json-schema-traverse": "^1.0.0",
        "require-from-string": "^2.0.2",
        "uri-js": "^4.2.2"
      },
      "dependencies": {
        "json-schema-traverse": {
          "version": "1.0.0",
          "resolved": "https://registry.npmjs.org/json-schema-traverse/-/json-schema-traverse-1.0.0.tgz",
          "integrity": "sha512-NM8/P9n3XjXhIZn1lLhkFaACTOURQXjWhV4BA/RnOv8xvgqtqpAX9IO4mRQxSx1Rlo4tqzeqb0sOlruaOy3dug=="
        }
      }
    },
    "fast-deep-equal": {
      "version": "3.1.3",
      "resolved": "https://registry.npmjs.org/fast-deep-equal/-/fast-deep-equal-3.1.3.tgz",
      "integrity": "sha512-f3qQ9oQy9j2AhBe/H9VC91wLmKBCCU/gDOnKNAYG5hswO7BLKj09Hc5HYNz9cGI++xlpDCIgDaitVs03ATR84Q=="
    },
    "husky": {
      "version": "7.0.1",
      "resolved": "https://registry.npmjs.org/husky/-/husky-7.0.1.tgz",
      "integrity": "sha512-gceRaITVZ+cJH9sNHqx5tFwbzlLCVxtVZcusME8JYQ8Edy5mpGDOqD8QBCdMhpyo9a+JXddnujQ4rpY2Ff9SJA==",
      "dev": true
    },
    "punycode": {
      "version": "2.1.1",
      "resolved": "https://registry.npmjs.org/punycode/-/punycode-2.1.1.tgz",
      "integrity": "sha512-XRsRjdf+j5ml+y/6GKHPZbrF/8p2Yga0JPtdqTIY2Xe5ohJPD9saDJJLPvp9+NSBprVvevdXZybnj2cv8OEd0A=="
    },
    "require-from-string": {
      "version": "2.0.2",
      "resolved": "https://registry.npmjs.org/require-from-string/-/require-from-string-2.0.2.tgz",
      "integrity": "sha512-Xf0nWe6RseziFMu+Ap9biiUbmplq6S9/p+7w7YXP/JBHhrUDDUhwa+vANyubuqfZWTveU//DYVGsDG7RKL/vEw=="
    },
    "turbo": {
      "version": "1.2.0",
      "resolved": "https://registry.npmjs.org/turbo/-/turbo-1.2.0.tgz",
      "integrity": "sha512-nFH+epS9rNJpF/vEhyYnzNHlHQzZO4kOj83W0hkZUiy4vzgu8TQF+jTRYyIT7ytAPIYvYFT2Vg3f9CrjVeqq7w==",
      "dev": true,
      "requires": {
        "turbo-darwin-64": "1.2.0",
        "turbo-darwin-arm64": "1.2.0",
        "turbo-freebsd-64": "1.2.0",
        "turbo-freebsd-arm64": "1.2.0",
        "turbo-linux-32": "1.2.0",
        "turbo-linux-64": "1.2.0",
        "turbo-linux-arm": "1.2.0",
        "turbo-linux-arm64": "1.2.0",
        "turbo-linux-mips64le": "1.2.0",
        "turbo-linux-ppc64le": "1.2.0",
        "turbo-windows-32": "1.2.0",
        "turbo-windows-64": "1.2.0"
      }
    },
    "turbo-darwin-64": {
      "version": "1.2.0",
      "resolved": "https://registry.npmjs.org/turbo-darwin-64/-/turbo-darwin-64-1.2.0.tgz",
      "integrity": "sha512-YtbTjoNR4c33K9eJ8/U9H2masaIzzBbmtfkmMtDeh8VPoYp4z+GEPXZmU0pl3ay6yz5MmstM3x8h9u732dANnA==",
      "dev": true,
      "optional": true
    },
    "turbo-darwin-arm64": {
      "version": "1.2.0",
      "resolved": "https://registry.npmjs.org/turbo-darwin-arm64/-/turbo-darwin-arm64-1.2.0.tgz",
      "integrity": "sha512-NE5UK0kactFrbjtY/1ICYU2uEMAU8Dw687AnxAYDjyFKBnjb34vMivZRSl+HLYxKVFtbqaqET+ZFLNODXnNrWw==",
      "dev": true,
      "optional": true
    },
    "turbo-freebsd-64": {
      "version": "1.2.0",
      "resolved": "https://registry.npmjs.org/turbo-freebsd-64/-/turbo-freebsd-64-1.2.0.tgz",
      "integrity": "sha512-0T0JtTzH52XUjk9wZWGwFIEGhzN3zGmRNXOwS203xNNNXN2nLoSzwlDHs5hpw+Rvv/ojJ9w5fR71vPjlYuaMKg==",
      "dev": true,
      "optional": true
    },
    "turbo-freebsd-arm64": {
      "version": "1.2.0",
      "resolved": "https://registry.npmjs.org/turbo-freebsd-arm64/-/turbo-freebsd-arm64-1.2.0.tgz",
      "integrity": "sha512-KRlmR/kMtoYs+DbA+wH8DBv2bXspqZ0AU+CllRzmbnSPIePD7MnaWHwaEvA+3P4Bse54qPs85g9LWvJFP0g2Ag==",
      "dev": true,
      "optional": true
    },
    "turbo-linux-32": {
      "version": "1.2.0",
      "resolved": "https://registry.npmjs.org/turbo-linux-32/-/turbo-linux-32-1.2.0.tgz",
      "integrity": "sha512-RMS0p5f0EC0wF/hzf5GMdm2FZhUDZwU0onmL6sapxPuvYZJ3W/1XuE4/UU1gt0hbcKmesIBhJrdtzID77BdMhw==",
      "dev": true,
      "optional": true
    },
    "turbo-linux-64": {
      "version": "1.2.0",
      "resolved": "https://registry.npmjs.org/turbo-linux-64/-/turbo-linux-64-1.2.0.tgz",
      "integrity": "sha512-fcNmpCc0YnAJYFcUNcwH9ivpktvWxA/gXGm5EeW7cgedd6ARvtDzjBWxw3SJa0hSra3JSs1OBATDoIQjHEk6TA==",
      "dev": true,
      "optional": true
    },
    "turbo-linux-arm": {
      "version": "1.2.0",
      "resolved": "https://registry.npmjs.org/turbo-linux-arm/-/turbo-linux-arm-1.2.0.tgz",
      "integrity": "sha512-n0vsSacYYIsccIlwlUKNiiAvaNvdhwSrAVo+d4c6fgWQEXVmVKc129bkul/kujifgi9BCLplKiqigZUOEe8Qow==",
      "dev": true,
      "optional": true
    },
    "turbo-linux-arm64": {
      "version": "1.2.0",
      "resolved": "https://registry.npmjs.org/turbo-linux-arm64/-/turbo-linux-arm64-1.2.0.tgz",
      "integrity": "sha512-CVhJ3XVNSkKdpCfnkOk6W5jMzGCf6Mf2T18e90qdQC6hyNTnzfYoP80a77NRDd6bQRqwgrZIHz6sVioqRnT/Rw==",
      "dev": true,
      "optional": true
    },
    "turbo-linux-mips64le": {
      "version": "1.2.0",
      "resolved": "https://registry.npmjs.org/turbo-linux-mips64le/-/turbo-linux-mips64le-1.2.0.tgz",
      "integrity": "sha512-IwJxdLqic4aAYH4f7QKpWtO6r9SXruqaKFYHPPOdt16I3kHvtsO1KCAzun7IjEMZ/sK/zHnFfGEwDVfaDwPnkw==",
      "dev": true,
      "optional": true
    },
    "turbo-linux-ppc64le": {
      "version": "1.2.0",
      "resolved": "https://registry.npmjs.org/turbo-linux-ppc64le/-/turbo-linux-ppc64le-1.2.0.tgz",
      "integrity": "sha512-zN6expApkyh454VtRjJ4BdiHJEvJ6+V2fieDPfvt3Vg+9dQ313iv88WXkkWsTZnSypxZsf/fwL8RJ74WDKGgbg==",
      "dev": true,
      "optional": true
    },
    "turbo-windows-32": {
      "version": "1.2.0",
      "resolved": "https://registry.npmjs.org/turbo-windows-32/-/turbo-windows-32-1.2.0.tgz",
      "integrity": "sha512-CduEO9ykfWc+xU9XLlfaG6sAGjnneCYw3hGb7uoDIOHuW8T6uqPw9vbG3ddt1VBarGjQvbcF4O/mFZZHozUgIg==",
      "dev": true,
      "optional": true
    },
    "turbo-windows-64": {
      "version": "1.2.0",
      "resolved": "https://registry.npmjs.org/turbo-windows-64/-/turbo-windows-64-1.2.0.tgz",
      "integrity": "sha512-DJy7VV/iXBoyxH98Om45vO3VwBZ8yijGUujKwdUGCyha8sGm++4OnEo8a2XWF1aHhRU/u2NtjcNsUBXrL53zvA==",
      "dev": true,
      "optional": true
    },
    "uri-js": {
      "version": "4.4.1",
      "resolved": "https://registry.npmjs.org/uri-js/-/uri-js-4.4.1.tgz",
      "integrity": "sha512-7rKUyy33Q1yc98pQ1DAmLtwX109F7TIfWlW1Ydo8Wl1ii1SeHieeh0HHfPeL2fMXK6z0s8ecKs9frCuLJvndBg==",
      "requires": {
        "punycode": "^2.1.0"
      }
    }
  }
}
