{
  "name": "Rocket.Chat",
  "version": "4.7.0-develop",
  "lockfileVersion": 1,
  "requires": true,
  "dependencies": {
    "husky": {
      "version": "7.0.1",
      "resolved": "https://registry.npmjs.org/husky/-/husky-7.0.1.tgz",
      "integrity": "sha512-gceRaITVZ+cJH9sNHqx5tFwbzlLCVxtVZcusME8JYQ8Edy5mpGDOqD8QBCdMhpyo9a+JXddnujQ4rpY2Ff9SJA==",
      "dev": true
    },
    "nodemailer": {
      "version": "6.7.3",
      "resolved": "https://registry.npmjs.org/nodemailer/-/nodemailer-6.7.3.tgz",
      "integrity": "sha512-KUdDsspqx89sD4UUyUKzdlUOper3hRkDVkrKh/89G+d9WKsU5ox51NWS4tB1XR5dPUdR4SP0E3molyEfOvSa3g=="
    },
    "turbo": {
      "version": "1.2.0",
      "resolved": "https://registry.npmjs.org/turbo/-/turbo-1.2.0.tgz",
      "integrity": "sha512-nFH+epS9rNJpF/vEhyYnzNHlHQzZO4kOj83W0hkZUiy4vzgu8TQF+jTRYyIT7ytAPIYvYFT2Vg3f9CrjVeqq7w==",
      "dev": true,
      "requires": {
        "turbo-darwin-64": "1.2.0",
        "turbo-darwin-arm64": "1.2.0",
        "turbo-freebsd-64": "1.2.0",
        "turbo-freebsd-arm64": "1.2.0",
        "turbo-linux-32": "1.2.0",
        "turbo-linux-64": "1.2.0",
        "turbo-linux-arm": "1.2.0",
        "turbo-linux-arm64": "1.2.0",
        "turbo-linux-mips64le": "1.2.0",
        "turbo-linux-ppc64le": "1.2.0",
        "turbo-windows-32": "1.2.0",
        "turbo-windows-64": "1.2.0"
      }
    },
    "turbo-darwin-64": {
      "version": "1.2.0",
      "resolved": "https://registry.npmjs.org/turbo-darwin-64/-/turbo-darwin-64-1.2.0.tgz",
      "integrity": "sha512-YtbTjoNR4c33K9eJ8/U9H2masaIzzBbmtfkmMtDeh8VPoYp4z+GEPXZmU0pl3ay6yz5MmstM3x8h9u732dANnA==",
      "dev": true,
      "optional": true
    },
    "turbo-darwin-arm64": {
      "version": "1.2.0",
      "resolved": "https://registry.npmjs.org/turbo-darwin-arm64/-/turbo-darwin-arm64-1.2.0.tgz",
      "integrity": "sha512-NE5UK0kactFrbjtY/1ICYU2uEMAU8Dw687AnxAYDjyFKBnjb34vMivZRSl+HLYxKVFtbqaqET+ZFLNODXnNrWw==",
      "dev": true,
      "optional": true
    },
    "turbo-freebsd-64": {
      "version": "1.2.0",
      "resolved": "https://registry.npmjs.org/turbo-freebsd-64/-/turbo-freebsd-64-1.2.0.tgz",
      "integrity": "sha512-0T0JtTzH52XUjk9wZWGwFIEGhzN3zGmRNXOwS203xNNNXN2nLoSzwlDHs5hpw+Rvv/ojJ9w5fR71vPjlYuaMKg==",
      "dev": true,
      "optional": true
    },
    "turbo-freebsd-arm64": {
      "version": "1.2.0",
      "resolved": "https://registry.npmjs.org/turbo-freebsd-arm64/-/turbo-freebsd-arm64-1.2.0.tgz",
      "integrity": "sha512-KRlmR/kMtoYs+DbA+wH8DBv2bXspqZ0AU+CllRzmbnSPIePD7MnaWHwaEvA+3P4Bse54qPs85g9LWvJFP0g2Ag==",
      "dev": true,
      "optional": true
    },
    "turbo-linux-32": {
      "version": "1.2.0",
      "resolved": "https://registry.npmjs.org/turbo-linux-32/-/turbo-linux-32-1.2.0.tgz",
      "integrity": "sha512-RMS0p5f0EC0wF/hzf5GMdm2FZhUDZwU0onmL6sapxPuvYZJ3W/1XuE4/UU1gt0hbcKmesIBhJrdtzID77BdMhw==",
      "dev": true,
      "optional": true
    },
    "turbo-linux-64": {
      "version": "1.2.0",
      "resolved": "https://registry.npmjs.org/turbo-linux-64/-/turbo-linux-64-1.2.0.tgz",
      "integrity": "sha512-fcNmpCc0YnAJYFcUNcwH9ivpktvWxA/gXGm5EeW7cgedd6ARvtDzjBWxw3SJa0hSra3JSs1OBATDoIQjHEk6TA==",
      "dev": true,
      "optional": true
    },
    "turbo-linux-arm": {
      "version": "1.2.0",
      "resolved": "https://registry.npmjs.org/turbo-linux-arm/-/turbo-linux-arm-1.2.0.tgz",
      "integrity": "sha512-n0vsSacYYIsccIlwlUKNiiAvaNvdhwSrAVo+d4c6fgWQEXVmVKc129bkul/kujifgi9BCLplKiqigZUOEe8Qow==",
      "dev": true,
      "optional": true
    },
    "turbo-linux-arm64": {
      "version": "1.2.0",
      "resolved": "https://registry.npmjs.org/turbo-linux-arm64/-/turbo-linux-arm64-1.2.0.tgz",
      "integrity": "sha512-CVhJ3XVNSkKdpCfnkOk6W5jMzGCf6Mf2T18e90qdQC6hyNTnzfYoP80a77NRDd6bQRqwgrZIHz6sVioqRnT/Rw==",
      "dev": true,
      "optional": true
    },
    "turbo-linux-mips64le": {
      "version": "1.2.0",
      "resolved": "https://registry.npmjs.org/turbo-linux-mips64le/-/turbo-linux-mips64le-1.2.0.tgz",
      "integrity": "sha512-IwJxdLqic4aAYH4f7QKpWtO6r9SXruqaKFYHPPOdt16I3kHvtsO1KCAzun7IjEMZ/sK/zHnFfGEwDVfaDwPnkw==",
      "dev": true,
      "optional": true
    },
    "turbo-linux-ppc64le": {
      "version": "1.2.0",
      "resolved": "https://registry.npmjs.org/turbo-linux-ppc64le/-/turbo-linux-ppc64le-1.2.0.tgz",
      "integrity": "sha512-zN6expApkyh454VtRjJ4BdiHJEvJ6+V2fieDPfvt3Vg+9dQ313iv88WXkkWsTZnSypxZsf/fwL8RJ74WDKGgbg==",
      "dev": true,
      "optional": true
    },
    "turbo-windows-32": {
      "version": "1.2.0",
      "resolved": "https://registry.npmjs.org/turbo-windows-32/-/turbo-windows-32-1.2.0.tgz",
      "integrity": "sha512-CduEO9ykfWc+xU9XLlfaG6sAGjnneCYw3hGb7uoDIOHuW8T6uqPw9vbG3ddt1VBarGjQvbcF4O/mFZZHozUgIg==",
      "dev": true,
      "optional": true
    },
    "turbo-windows-64": {
      "version": "1.2.0",
      "resolved": "https://registry.npmjs.org/turbo-windows-64/-/turbo-windows-64-1.2.0.tgz",
      "integrity": "sha512-DJy7VV/iXBoyxH98Om45vO3VwBZ8yijGUujKwdUGCyha8sGm++4OnEo8a2XWF1aHhRU/u2NtjcNsUBXrL53zvA==",
      "dev": true,
      "optional": true
    }
  }
}
